
Microsoft Visual Studio Solution File, Format Version 12.00
# Visual Studio Version 16
VisualStudioVersion = 16.0.32106.194
MinimumVisualStudioVersion = 10.0.40219.1
Project("{FAE04EC0-301F-11D3-BF4B-00C04F79EFBC}") = "QA-site.Data", "QA-site.Data\QA-site.Data.csproj", "{4C0A1B45-305E-41D2-B972-C79DCCE95268}"
EndProject
Project("{FAE04EC0-301F-11D3-BF4B-00C04F79EFBC}") = "QA-site.Web", "QA-site.Web\QA-site.Web.csproj", "{1C6298EC-DE04-4C8E-9EC0-7BDE84F7C555}"
EndProject
Global
	GlobalSection(SolutionConfigurationPlatforms) = preSolution
		Debug|Any CPU = Debug|Any CPU
		Release|Any CPU = Release|Any CPU
	EndGlobalSection
	GlobalSection(ProjectConfigurationPlatforms) = postSolution
		{4C0A1B45-305E-41D2-B972-C79DCCE95268}.Debug|Any CPU.ActiveCfg = Debug|Any CPU
		{4C0A1B45-305E-41D2-B972-C79DCCE95268}.Debug|Any CPU.Build.0 = Debug|Any CPU
		{4C0A1B45-305E-41D2-B972-C79DCCE95268}.Release|Any CPU.ActiveCfg = Release|Any CPU
		{4C0A1B45-305E-41D2-B972-C79DCCE95268}.Release|Any CPU.Build.0 = Release|Any CPU
		{1C6298EC-DE04-4C8E-9EC0-7BDE84F7C555}.Debug|Any CPU.ActiveCfg = Debug|Any CPU
		{1C6298EC-DE04-4C8E-9EC0-7BDE84F7C555}.Debug|Any CPU.Build.0 = Debug|Any CPU
		{1C6298EC-DE04-4C8E-9EC0-7BDE84F7C555}.Release|Any CPU.ActiveCfg = Release|Any CPU
		{1C6298EC-DE04-4C8E-9EC0-7BDE84F7C555}.Release|Any CPU.Build.0 = Release|Any CPU
	EndGlobalSection
	GlobalSection(SolutionProperties) = preSolution
		HideSolutionNode = FALSE
	EndGlobalSection
	GlobalSection(ExtensibilityGlobals) = postSolution
		SolutionGuid = {A19AEE76-AC36-4DE6-BED9-35DB665D8BD9}
	EndGlobalSection
EndGlobal
